
Microsoft Visual Studio Solution File, Format Version 12.00
# Visual Studio Version 17
VisualStudioVersion = 17.3.32804.467
MinimumVisualStudioVersion = 10.0.40219.1
Project("{9A19103F-16F7-4668-BE54-9A1E7A4F7556}") = "eShop.Web", "eShop.Web\eShop.Web.csproj", "{1782B2C0-3A9B-4125-9C53-11A7E4FE29E1}"
EndProject
Project("{9A19103F-16F7-4668-BE54-9A1E7A4F7556}") = "eShop.CoreBusiness", "eshop.CoreBusiness\eShop.CoreBusiness.csproj", "{ED423E1E-3920-494F-9057-D31477227565}"
EndProject
Project("{9A19103F-16F7-4668-BE54-9A1E7A4F7556}") = "eShop.UserCase", "eshop.UserCase\eShop.UserCase.csproj", "{46399024-E4E0-4C94-A320-712E7530E702}"
EndProject
Project("{2150E333-8FDC-42A3-9474-1A3956D46DE8}") = "Plugins", "Plugins", "{384E565E-E986-4E9B-8AF9-137D61C672F8}"
EndProject
Project("{9A19103F-16F7-4668-BE54-9A1E7A4F7556}") = "eShop.DataStore.HardCodee", "Plugins\eShop.DataStore.HardCodee\eShop.DataStore.HardCodee.csproj", "{CD67703D-507E-4EE9-9CAF-4F8331C1EAC7}"
EndProject
Project("{2150E333-8FDC-42A3-9474-1A3956D46DE8}") = "eShop.Web.Modules_erorr", "eShop.Web.Modules_erorr", "{04BF2E5D-1046-4A5A-878E-02CB5CE53F9C}"
EndProject
Project("{9A19103F-16F7-4668-BE54-9A1E7A4F7556}") = "eShop.Web.Common", "eShop.Web.Modules\eShop.Web.Common\eShop.Web.Common.csproj", "{864FE4CA-29A0-41E3-806C-044CE9E3F4CD}"
EndProject
Project("{9A19103F-16F7-4668-BE54-9A1E7A4F7556}") = "eShop.Web.AdminPortal", "eShop.Web.Modules\eShop.Web.AdminPortal\eShop.Web.AdminPortal.csproj", "{BA4E015C-55E1-4343-94CF-319EF237053B}"
EndProject
Project("{9A19103F-16F7-4668-BE54-9A1E7A4F7556}") = "eShop.Web.CustomerPortal", "eShop.Web.CustomerPortal\eShop.Web.CustomerPortal.csproj", "{4E42429E-F0F9-4C12-8DFF-BAA4F456E4DA}"
EndProject
Project("{9A19103F-16F7-4668-BE54-9A1E7A4F7556}") = "eShop.ShoppingCart.LocalStorage", "Plugins\eShop.ShoppingCart.Local\eShop.ShoppingCart.LocalStorage.csproj", "{D97552B4-84C7-47AF-9474-61E0364E8387}"
EndProject
Project("{9A19103F-16F7-4668-BE54-9A1E7A4F7556}") = "eShop.StateStore.DI", "Plugins\eShop.StateStore.DI\eShop.StateStore.DI.csproj", "{77DD4786-166B-41BD-B7E4-327BD865493B}"
EndProject
Project("{FAE04EC0-301F-11D3-BF4B-00C04F79EFBC}") = "eShop.DataStore.SQL.Dapper", "Plugins\eShop.DataStore.SQL.Dapper\eShop.DataStore.SQL.Dapper.csproj", "{EBCACEAB-AEED-4B1F-8B2B-0E5359FCE62A}"
EndProject
Global
	GlobalSection(SolutionConfigurationPlatforms) = preSolution
		Debug|Any CPU = Debug|Any CPU
		Release|Any CPU = Release|Any CPU
	EndGlobalSection
	GlobalSection(ProjectConfigurationPlatforms) = postSolution
		{1782B2C0-3A9B-4125-9C53-11A7E4FE29E1}.Debug|Any CPU.ActiveCfg = Debug|Any CPU
		{1782B2C0-3A9B-4125-9C53-11A7E4FE29E1}.Debug|Any CPU.Build.0 = Debug|Any CPU
		{1782B2C0-3A9B-4125-9C53-11A7E4FE29E1}.Release|Any CPU.ActiveCfg = Release|Any CPU
		{1782B2C0-3A9B-4125-9C53-11A7E4FE29E1}.Release|Any CPU.Build.0 = Release|Any CPU
		{ED423E1E-3920-494F-9057-D31477227565}.Debug|Any CPU.ActiveCfg = Debug|Any CPU
		{ED423E1E-3920-494F-9057-D31477227565}.Debug|Any CPU.Build.0 = Debug|Any CPU
		{ED423E1E-3920-494F-9057-D31477227565}.Release|Any CPU.ActiveCfg = Release|Any CPU
		{ED423E1E-3920-494F-9057-D31477227565}.Release|Any CPU.Build.0 = Release|Any CPU
		{46399024-E4E0-4C94-A320-712E7530E702}.Debug|Any CPU.ActiveCfg = Debug|Any CPU
		{46399024-E4E0-4C94-A320-712E7530E702}.Debug|Any CPU.Build.0 = Debug|Any CPU
		{46399024-E4E0-4C94-A320-712E7530E702}.Release|Any CPU.ActiveCfg = Release|Any CPU
		{46399024-E4E0-4C94-A320-712E7530E702}.Release|Any CPU.Build.0 = Release|Any CPU
		{CD67703D-507E-4EE9-9CAF-4F8331C1EAC7}.Debug|Any CPU.ActiveCfg = Debug|Any CPU
		{CD67703D-507E-4EE9-9CAF-4F8331C1EAC7}.Debug|Any CPU.Build.0 = Debug|Any CPU
		{CD67703D-507E-4EE9-9CAF-4F8331C1EAC7}.Release|Any CPU.ActiveCfg = Release|Any CPU
		{CD67703D-507E-4EE9-9CAF-4F8331C1EAC7}.Release|Any CPU.Build.0 = Release|Any CPU
		{864FE4CA-29A0-41E3-806C-044CE9E3F4CD}.Debug|Any CPU.ActiveCfg = Debug|Any CPU
		{864FE4CA-29A0-41E3-806C-044CE9E3F4CD}.Debug|Any CPU.Build.0 = Debug|Any CPU
		{864FE4CA-29A0-41E3-806C-044CE9E3F4CD}.Release|Any CPU.ActiveCfg = Release|Any CPU
		{864FE4CA-29A0-41E3-806C-044CE9E3F4CD}.Release|Any CPU.Build.0 = Release|Any CPU
		{BA4E015C-55E1-4343-94CF-319EF237053B}.Debug|Any CPU.ActiveCfg = Debug|Any CPU
		{BA4E015C-55E1-4343-94CF-319EF237053B}.Debug|Any CPU.Build.0 = Debug|Any CPU
		{BA4E015C-55E1-4343-94CF-319EF237053B}.Release|Any CPU.ActiveCfg = Release|Any CPU
		{BA4E015C-55E1-4343-94CF-319EF237053B}.Release|Any CPU.Build.0 = Release|Any CPU
		{4E42429E-F0F9-4C12-8DFF-BAA4F456E4DA}.Debug|Any CPU.ActiveCfg = Debug|Any CPU
		{4E42429E-F0F9-4C12-8DFF-BAA4F456E4DA}.Debug|Any CPU.Build.0 = Debug|Any CPU
		{4E42429E-F0F9-4C12-8DFF-BAA4F456E4DA}.Release|Any CPU.ActiveCfg = Release|Any CPU
		{4E42429E-F0F9-4C12-8DFF-BAA4F456E4DA}.Release|Any CPU.Build.0 = Release|Any CPU
		{D97552B4-84C7-47AF-9474-61E0364E8387}.Debug|Any CPU.ActiveCfg = Debug|Any CPU
		{D97552B4-84C7-47AF-9474-61E0364E8387}.Debug|Any CPU.Build.0 = Debug|Any CPU
		{D97552B4-84C7-47AF-9474-61E0364E8387}.Release|Any CPU.ActiveCfg = Release|Any CPU
		{D97552B4-84C7-47AF-9474-61E0364E8387}.Release|Any CPU.Build.0 = Release|Any CPU
		{77DD4786-166B-41BD-B7E4-327BD865493B}.Debug|Any CPU.ActiveCfg = Debug|Any CPU
		{77DD4786-166B-41BD-B7E4-327BD865493B}.Debug|Any CPU.Build.0 = Debug|Any CPU
		{77DD4786-166B-41BD-B7E4-327BD865493B}.Release|Any CPU.ActiveCfg = Release|Any CPU
		{77DD4786-166B-41BD-B7E4-327BD865493B}.Release|Any CPU.Build.0 = Release|Any CPU
		{EBCACEAB-AEED-4B1F-8B2B-0E5359FCE62A}.Debug|Any CPU.ActiveCfg = Debug|Any CPU
		{EBCACEAB-AEED-4B1F-8B2B-0E5359FCE62A}.Debug|Any CPU.Build.0 = Debug|Any CPU
		{EBCACEAB-AEED-4B1F-8B2B-0E5359FCE62A}.Release|Any CPU.ActiveCfg = Release|Any CPU
		{EBCACEAB-AEED-4B1F-8B2B-0E5359FCE62A}.Release|Any CPU.Build.0 = Release|Any CPU
	EndGlobalSection
	GlobalSection(SolutionProperties) = preSolution
		HideSolutionNode = FALSE
	EndGlobalSection
	GlobalSection(NestedProjects) = preSolution
		{CD67703D-507E-4EE9-9CAF-4F8331C1EAC7} = {384E565E-E986-4E9B-8AF9-137D61C672F8}
		{864FE4CA-29A0-41E3-806C-044CE9E3F4CD} = {04BF2E5D-1046-4A5A-878E-02CB5CE53F9C}
		{BA4E015C-55E1-4343-94CF-319EF237053B} = {04BF2E5D-1046-4A5A-878E-02CB5CE53F9C}
		{4E42429E-F0F9-4C12-8DFF-BAA4F456E4DA} = {04BF2E5D-1046-4A5A-878E-02CB5CE53F9C}
		{D97552B4-84C7-47AF-9474-61E0364E8387} = {384E565E-E986-4E9B-8AF9-137D61C672F8}
		{77DD4786-166B-41BD-B7E4-327BD865493B} = {384E565E-E986-4E9B-8AF9-137D61C672F8}
		{EBCACEAB-AEED-4B1F-8B2B-0E5359FCE62A} = {384E565E-E986-4E9B-8AF9-137D61C672F8}
	EndGlobalSection
	GlobalSection(ExtensibilityGlobals) = postSolution
		SolutionGuid = {B61A35E2-9B07-4EAA-8D46-FE5206B64743}
	EndGlobalSection
EndGlobal
